
Microsoft Visual Studio Solution File, Format Version 10.00
# Visual Studio 2008
Project("{8BC9CEB8-8B4A-11D0-8D11-00A0C91BC942}") = "guifw", "guifw\guifw.vcproj", "{822C97BA-AE9C-45B4-8EB6-09BE56AF9CFA}"
EndProject
Project("{8BC9CEB8-8B4A-11D0-8D11-00A0C91BC942}") = "app", "app\app.vcproj", "{D0C5308C-3F46-447A-B194-AFF54BD46C56}"
	ProjectSection(ProjectDependencies) = postProject
		{822C97BA-AE9C-45B4-8EB6-09BE56AF9CFA} = {822C97BA-AE9C-45B4-8EB6-09BE56AF9CFA}
	EndProjectSection
EndProject
Global
	GlobalSection(SolutionConfigurationPlatforms) = preSolution
		Debug|Win32 = Debug|Win32
		Release|Win32 = Release|Win32
	EndGlobalSection
	GlobalSection(ProjectConfigurationPlatforms) = postSolution
		{822C97BA-AE9C-45B4-8EB6-09BE56AF9CFA}.Debug|Win32.ActiveCfg = Debug|Win32
		{822C97BA-AE9C-45B4-8EB6-09BE56AF9CFA}.Debug|Win32.Build.0 = Debug|Win32
		{822C97BA-AE9C-45B4-8EB6-09BE56AF9CFA}.Release|Win32.ActiveCfg = Release|Win32
		{822C97BA-AE9C-45B4-8EB6-09BE56AF9CFA}.Release|Win32.Build.0 = Release|Win32
		{D0C5308C-3F46-447A-B194-AFF54BD46C56}.Debug|Win32.ActiveCfg = Debug|Win32
		{D0C5308C-3F46-447A-B194-AFF54BD46C56}.Debug|Win32.Build.0 = Debug|Win32
		{D0C5308C-3F46-447A-B194-AFF54BD46C56}.Release|Win32.ActiveCfg = Release|Win32
		{D0C5308C-3F46-447A-B194-AFF54BD46C56}.Release|Win32.Build.0 = Release|Win32
	EndGlobalSection
	GlobalSection(SolutionProperties) = preSolution
		HideSolutionNode = FALSE
	EndGlobalSection
EndGlobal
